// !$*UTF8*$!
{
	archiveVersion = 1;
	classes = {
	};
	objectVersion = 50;
	objects = {

/* Begin PBXBuildFile section */
		B58CAE3B9C2845051674C0CF /* Pods_Todoey.framework in Frameworks */ = {isa = PBXBuildFile; fileRef = 222BE18B8CFBC5383D8B1347 /* Pods_Todoey.framework */; };
		EC5E305120C7DBE200960914 /* Item.swift in Sources */ = {isa = PBXBuildFile; fileRef = EC5E305020C7DBE200960914 /* Item.swift */; };
		EC5E305320C7DBF000960914 /* Category.swift in Sources */ = {isa = PBXBuildFile; fileRef = EC5E305220C7DBF000960914 /* Category.swift */; };
		ECD3300B20A9A0BB00C302A5 /* CategoryViewController.swift in Sources */ = {isa = PBXBuildFile; fileRef = ECD3300A20A9A0BB00C302A5 /* CategoryViewController.swift */; };
		ECD71F882080A7FC00F5C5A3 /* AppDelegate.swift in Sources */ = {isa = PBXBuildFile; fileRef = ECD71F872080A7FC00F5C5A3 /* AppDelegate.swift */; };
		ECD71F8A2080A7FC00F5C5A3 /* TodoListViewController.swift in Sources */ = {isa = PBXBuildFile; fileRef = ECD71F892080A7FC00F5C5A3 /* TodoListViewController.swift */; };
		ECD71F8D2080A7FC00F5C5A3 /* Main.storyboard in Resources */ = {isa = PBXBuildFile; fileRef = ECD71F8B2080A7FC00F5C5A3 /* Main.storyboard */; };
		ECD71F8F2080A7FE00F5C5A3 /* Assets.xcassets in Resources */ = {isa = PBXBuildFile; fileRef = ECD71F8E2080A7FE00F5C5A3 /* Assets.xcassets */; };
		ECD71F922080A7FE00F5C5A3 /* LaunchScreen.storyboard in Resources */ = {isa = PBXBuildFile; fileRef = ECD71F902080A7FE00F5C5A3 /* LaunchScreen.storyboard */; };
/* End PBXBuildFile section */

/* Begin PBXFileReference section */
		222BE18B8CFBC5383D8B1347 /* Pods_Todoey.framework */ = {isa = PBXFileReference; explicitFileType = wrapper.framework; includeInIndex = 0; path = Pods_Todoey.framework; sourceTree = BUILT_PRODUCTS_DIR; };
		68351279B6837C32918DB73E /* Pods-Todoey.debug.xcconfig */ = {isa = PBXFileReference; includeInIndex = 1; lastKnownFileType = text.xcconfig; name = "Pods-Todoey.debug.xcconfig"; path = "Pods/Target Support Files/Pods-Todoey/Pods-Todoey.debug.xcconfig"; sourceTree = "<group>"; };
		DD7B862BF2CA6B1B58F7D69D /* Pods-Todoey.release.xcconfig */ = {isa = PBXFileReference; includeInIndex = 1; lastKnownFileType = text.xcconfig; name = "Pods-Todoey.release.xcconfig"; path = "Pods/Target Support Files/Pods-Todoey/Pods-Todoey.release.xcconfig"; sourceTree = "<group>"; };
		EC5E305020C7DBE200960914 /* Item.swift */ = {isa = PBXFileReference; lastKnownFileType = sourcecode.swift; path = Item.swift; sourceTree = "<group>"; };
		EC5E305220C7DBF000960914 /* Category.swift */ = {isa = PBXFileReference; lastKnownFileType = sourcecode.swift; path = Category.swift; sourceTree = "<group>"; };
		ECD3300A20A9A0BB00C302A5 /* CategoryViewController.swift */ = {isa = PBXFileReference; lastKnownFileType = sourcecode.swift; path = CategoryViewController.swift; sourceTree = "<group>"; };
		ECD71F842080A7FC00F5C5A3 /* Todoey.app */ = {isa = PBXFileReference; explicitFileType = wrapper.application; includeInIndex = 0; path = Todoey.app; sourceTree = BUILT_PRODUCTS_DIR; };
		ECD71F872080A7FC00F5C5A3 /* AppDelegate.swift */ = {isa = PBXFileReference; lastKnownFileType = sourcecode.swift; path = AppDelegate.swift; sourceTree = "<group>"; };
		ECD71F892080A7FC00F5C5A3 /* TodoListViewController.swift */ = {isa = PBXFileReference; lastKnownFileType = sourcecode.swift; path = TodoListViewController.swift; sourceTree = "<group>"; };
		ECD71F8C2080A7FC00F5C5A3 /* Base */ = {isa = PBXFileReference; lastKnownFileType = file.storyboard; name = Base; path = Base.lproj/Main.storyboard; sourceTree = "<group>"; };
		ECD71F8E2080A7FE00F5C5A3 /* Assets.xcassets */ = {isa = PBXFileReference; lastKnownFileType = folder.assetcatalog; path = Assets.xcassets; sourceTree = "<group>"; };
		ECD71F912080A7FE00F5C5A3 /* Base */ = {isa = PBXFileReference; lastKnownFileType = file.storyboard; name = Base; path = Base.lproj/LaunchScreen.storyboard; sourceTree = "<group>"; };
		ECD71F932080A7FE00F5C5A3 /* Info.plist */ = {isa = PBXFileReference; lastKnownFileType = text.plist.xml; path = Info.plist; sourceTree = "<group>"; };
/* End PBXFileReference section */

/* Begin PBXFrameworksBuildPhase section */
		ECD71F812080A7FC00F5C5A3 /* Frameworks */ = {
			isa = PBXFrameworksBuildPhase;
			buildActionMask = 2147483647;
			files = (
				B58CAE3B9C2845051674C0CF /* Pods_Todoey.framework in Frameworks */,
			);
			runOnlyForDeploymentPostprocessing = 0;
		};
/* End PBXFrameworksBuildPhase section */

/* Begin PBXGroup section */
		74778AE274E978DBEB0AD39B /* Frameworks */ = {
			isa = PBXGroup;
			children = (
				222BE18B8CFBC5383D8B1347 /* Pods_Todoey.framework */,
			);
			name = Frameworks;
			sourceTree = "<group>";
		};
		948B3FDEE101064896BF3FB3 /* Pods */ = {
			isa = PBXGroup;
			children = (
				68351279B6837C32918DB73E /* Pods-Todoey.debug.xcconfig */,
				DD7B862BF2CA6B1B58F7D69D /* Pods-Todoey.release.xcconfig */,
			);
			name = Pods;
			sourceTree = "<group>";
		};
		EC0387F12088A38800FB2204 /* Data Model */ = {
			isa = PBXGroup;
			children = (
				EC5E305220C7DBF000960914 /* Category.swift */,
				EC5E305020C7DBE200960914 /* Item.swift */,
			);
			path = "Data Model";
			sourceTree = "<group>";
		};
		EC0387F22088A3CC00FB2204 /* Controllers */ = {
			isa = PBXGroup;
			children = (
				ECD3300A20A9A0BB00C302A5 /* CategoryViewController.swift */,
				ECD71F892080A7FC00F5C5A3 /* TodoListViewController.swift */,
			);
			name = Controllers;
			sourceTree = "<group>";
		};
		EC0387F32088A44400FB2204 /* Vews */ = {
			isa = PBXGroup;
			children = (
				ECD71F8B2080A7FC00F5C5A3 /* Main.storyboard */,
			);
			path = Vews;
			sourceTree = "<group>";
		};
		EC0387F42088A47700FB2204 /* Supporting Files */ = {
			isa = PBXGroup;
			children = (
				ECD71F8E2080A7FE00F5C5A3 /* Assets.xcassets */,
				ECD71F902080A7FE00F5C5A3 /* LaunchScreen.storyboard */,
			);
			path = "Supporting Files";
			sourceTree = "<group>";
		};
		ECD71F7B2080A7FC00F5C5A3 = {
			isa = PBXGroup;
			children = (
				ECD71F862080A7FC00F5C5A3 /* Todoey */,
				ECD71F852080A7FC00F5C5A3 /* Products */,
				948B3FDEE101064896BF3FB3 /* Pods */,
				74778AE274E978DBEB0AD39B /* Frameworks */,
			);
			sourceTree = "<group>";
		};
		ECD71F852080A7FC00F5C5A3 /* Products */ = {
			isa = PBXGroup;
			children = (
				ECD71F842080A7FC00F5C5A3 /* Todoey.app */,
			);
			name = Products;
			sourceTree = "<group>";
		};
		ECD71F862080A7FC00F5C5A3 /* Todoey */ = {
			isa = PBXGroup;
			children = (
				ECD71F872080A7FC00F5C5A3 /* AppDelegate.swift */,
				EC0387F22088A3CC00FB2204 /* Controllers */,
				EC0387F12088A38800FB2204 /* Data Model */,
				EC0387F32088A44400FB2204 /* Vews */,
				EC0387F42088A47700FB2204 /* Supporting Files */,
				ECD71F932080A7FE00F5C5A3 /* Info.plist */,
			);
			path = Todoey;
			sourceTree = "<group>";
		};
/* End PBXGroup section */

/* Begin PBXNativeTarget section */
		ECD71F832080A7FC00F5C5A3 /* Todoey */ = {
			isa = PBXNativeTarget;
			buildConfigurationList = ECD71F962080A7FE00F5C5A3 /* Build configuration list for PBXNativeTarget "Todoey" */;
			buildPhases = (
				FB85B3611AB0B598067611BC /* [CP] Check Pods Manifest.lock */,
				ECD71F802080A7FC00F5C5A3 /* Sources */,
				ECD71F812080A7FC00F5C5A3 /* Frameworks */,
				ECD71F822080A7FC00F5C5A3 /* Resources */,
				4F43B4E2BB0CF45DA1B45C8D /* [CP] Embed Pods Frameworks */,
				F985E59B4E3000004419D943 /* [CP] Copy Pods Resources */,
			);
			buildRules = (
			);
			dependencies = (
			);
			name = Todoey;
			productName = Todoey;
			productReference = ECD71F842080A7FC00F5C5A3 /* Todoey.app */;
			productType = "com.apple.product-type.application";
		};
/* End PBXNativeTarget section */

/* Begin PBXProject section */
		ECD71F7C2080A7FC00F5C5A3 /* Project object */ = {
			isa = PBXProject;
			attributes = {
				LastSwiftUpdateCheck = 0930;
				LastUpgradeCheck = 0930;
				ORGANIZATIONNAME = "Sydney's Card Lounge";
				TargetAttributes = {
					ECD71F832080A7FC00F5C5A3 = {
						CreatedOnToolsVersion = 9.3;
					};
				};
			};
			buildConfigurationList = ECD71F7F2080A7FC00F5C5A3 /* Build configuration list for PBXProject "Todoey" */;
			compatibilityVersion = "Xcode 9.3";
			developmentRegion = en;
			hasScannedForEncodings = 0;
			knownRegions = (
				en,
				Base,
			);
			mainGroup = ECD71F7B2080A7FC00F5C5A3;
			productRefGroup = ECD71F852080A7FC00F5C5A3 /* Products */;
			projectDirPath = "";
			projectRoot = "";
			targets = (
				ECD71F832080A7FC00F5C5A3 /* Todoey */,
			);
		};
/* End PBXProject section */

/* Begin PBXResourcesBuildPhase section */
		ECD71F822080A7FC00F5C5A3 /* Resources */ = {
			isa = PBXResourcesBuildPhase;
			buildActionMask = 2147483647;
			files = (
				ECD71F922080A7FE00F5C5A3 /* LaunchScreen.storyboard in Resources */,
				ECD71F8F2080A7FE00F5C5A3 /* Assets.xcassets in Resources */,
				ECD71F8D2080A7FC00F5C5A3 /* Main.storyboard in Resources */,
			);
			runOnlyForDeploymentPostprocessing = 0;
		};
/* End PBXResourcesBuildPhase section */

/* Begin PBXShellScriptBuildPhase section */
		4F43B4E2BB0CF45DA1B45C8D /* [CP] Embed Pods Frameworks */ = {
			isa = PBXShellScriptBuildPhase;
			buildActionMask = 2147483647;
			files = (
			);
			inputPaths = (
				"${SRCROOT}/Pods/Target Support Files/Pods-Todoey/Pods-Todoey-frameworks.sh",
				"${BUILT_PRODUCTS_DIR}/Realm/Realm.framework",
				"${BUILT_PRODUCTS_DIR}/RealmSwift/RealmSwift.framework",
			);
			name = "[CP] Embed Pods Frameworks";
			outputPaths = (
				"${TARGET_BUILD_DIR}/${FRAMEWORKS_FOLDER_PATH}/Realm.framework",
				"${TARGET_BUILD_DIR}/${FRAMEWORKS_FOLDER_PATH}/RealmSwift.framework",
			);
			runOnlyForDeploymentPostprocessing = 0;
			shellPath = /bin/sh;
			shellScript = "\"${SRCROOT}/Pods/Target Support Files/Pods-Todoey/Pods-Todoey-frameworks.sh\"\n";
			showEnvVarsInLog = 0;
		};
		F985E59B4E3000004419D943 /* [CP] Copy Pods Resources */ = {
			isa = PBXShellScriptBuildPhase;
			buildActionMask = 2147483647;
			files = (
			);
			inputPaths = (
			);
			name = "[CP] Copy Pods Resources";
			outputPaths = (
			);
			runOnlyForDeploymentPostprocessing = 0;
			shellPath = /bin/sh;
			shellScript = "\"${SRCROOT}/Pods/Target Support Files/Pods-Todoey/Pods-Todoey-resources.sh\"\n";
			showEnvVarsInLog = 0;
		};
		FB85B3611AB0B598067611BC /* [CP] Check Pods Manifest.lock */ = {
			isa = PBXShellScriptBuildPhase;
			buildActionMask = 2147483647;
			files = (
			);
			inputPaths = (
				"${PODS_PODFILE_DIR_PATH}/Podfile.lock",
				"${PODS_ROOT}/Manifest.lock",
			);
			name = "[CP] Check Pods Manifest.lock";
			outputPaths = (
				"$(DERIVED_FILE_DIR)/Pods-Todoey-checkManifestLockResult.txt",
			);
			runOnlyForDeploymentPostprocessing = 0;
			shellPath = /bin/sh;
			shellScript = "diff \"${PODS_PODFILE_DIR_PATH}/Podfile.lock\" \"${PODS_ROOT}/Manifest.lock\" > /dev/null\nif [ $? != 0 ] ; then\n    # print error to STDERR\n    echo \"error: The sandbox is not in sync with the Podfile.lock. Run 'pod install' or update your CocoaPods installation.\" >&2\n    exit 1\nfi\n# This output is used by Xcode 'outputs' to avoid re-running this script phase.\necho \"SUCCESS\" > \"${SCRIPT_OUTPUT_FILE_0}\"\n";
			showEnvVarsInLog = 0;
		};
/* End PBXShellScriptBuildPhase section */

/* Begin PBXSourcesBuildPhase section */
		ECD71F802080A7FC00F5C5A3 /* Sources */ = {
			isa = PBXSourcesBuildPhase;
			buildActionMask = 2147483647;
			files = (
				EC5E305120C7DBE200960914 /* Item.swift in Sources */,
				ECD3300B20A9A0BB00C302A5 /* CategoryViewController.swift in Sources */,
				ECD71F8A2080A7FC00F5C5A3 /* TodoListViewController.swift in Sources */,
				ECD71F882080A7FC00F5C5A3 /* AppDelegate.swift in Sources */,
				EC5E305320C7DBF000960914 /* Category.swift in Sources */,
			);
			runOnlyForDeploymentPostprocessing = 0;
		};
/* End PBXSourcesBuildPhase section */

/* Begin PBXVariantGroup section */
		ECD71F8B2080A7FC00F5C5A3 /* Main.storyboard */ = {
			isa = PBXVariantGroup;
			children = (
				ECD71F8C2080A7FC00F5C5A3 /* Base */,
			);
			name = Main.storyboard;
			sourceTree = "<group>";
		};
		ECD71F902080A7FE00F5C5A3 /* LaunchScreen.storyboard */ = {
			isa = PBXVariantGroup;
			children = (
				ECD71F912080A7FE00F5C5A3 /* Base */,
			);
			name = LaunchScreen.storyboard;
			sourceTree = "<group>";
		};
/* End PBXVariantGroup section */

/* Begin XCBuildConfiguration section */
		ECD71F942080A7FE00F5C5A3 /* Debug */ = {
			isa = XCBuildConfiguration;
			buildSettings = {
				ALWAYS_SEARCH_USER_PATHS = NO;
				CLANG_ANALYZER_NONNULL = YES;
				CLANG_ANALYZER_NUMBER_OBJECT_CONVERSION = YES_AGGRESSIVE;
				CLANG_CXX_LANGUAGE_STANDARD = "gnu++14";
				CLANG_CXX_LIBRARY = "libc++";
				CLANG_ENABLE_MODULES = YES;
				CLANG_ENABLE_OBJC_ARC = YES;
				CLANG_ENABLE_OBJC_WEAK = YES;
				CLANG_WARN_BLOCK_CAPTURE_AUTORELEASING = YES;
				CLANG_WARN_BOOL_CONVERSION = YES;
				CLANG_WARN_COMMA = YES;
				CLANG_WARN_CONSTANT_CONVERSION = YES;
				CLANG_WARN_DEPRECATED_OBJC_IMPLEMENTATIONS = YES;
				CLANG_WARN_DIRECT_OBJC_ISA_USAGE = YES_ERROR;
				CLANG_WARN_DOCUMENTATION_COMMENTS = YES;
				CLANG_WARN_EMPTY_BODY = YES;
				CLANG_WARN_ENUM_CONVERSION = YES;
				CLANG_WARN_INFINITE_RECURSION = YES;
				CLANG_WARN_INT_CONVERSION = YES;
				CLANG_WARN_NON_LITERAL_NULL_CONVERSION = YES;
				CLANG_WARN_OBJC_IMPLICIT_RETAIN_SELF = YES;
				CLANG_WARN_OBJC_LITERAL_CONVERSION = YES;
				CLANG_WARN_OBJC_ROOT_CLASS = YES_ERROR;
				CLANG_WARN_RANGE_LOOP_ANALYSIS = YES;
				CLANG_WARN_STRICT_PROTOTYPES = YES;
				CLANG_WARN_SUSPICIOUS_MOVE = YES;
				CLANG_WARN_UNGUARDED_AVAILABILITY = YES_AGGRESSIVE;
				CLANG_WARN_UNREACHABLE_CODE = YES;
				CLANG_WARN__DUPLICATE_METHOD_MATCH = YES;
				CODE_SIGN_IDENTITY = "iPhone Developer";
				COPY_PHASE_STRIP = NO;
				DEBUG_INFORMATION_FORMAT = dwarf;
				ENABLE_STRICT_OBJC_MSGSEND = YES;
				ENABLE_TESTABILITY = YES;
				GCC_C_LANGUAGE_STANDARD = gnu11;
				GCC_DYNAMIC_NO_PIC = NO;
				GCC_NO_COMMON_BLOCKS = YES;
				GCC_OPTIMIZATION_LEVEL = 0;
				GCC_PREPROCESSOR_DEFINITIONS = (
					"DEBUG=1",
					"$(inherited)",
				);
				GCC_WARN_64_TO_32_BIT_CONVERSION = YES;
				GCC_WARN_ABOUT_RETURN_TYPE = YES_ERROR;
				GCC_WARN_UNDECLARED_SELECTOR = YES;
				GCC_WARN_UNINITIALIZED_AUTOS = YES_AGGRESSIVE;
				GCC_WARN_UNUSED_FUNCTION = YES;
				GCC_WARN_UNUSED_VARIABLE = YES;
				IPHONEOS_DEPLOYMENT_TARGET = 11.3;
				MTL_ENABLE_DEBUG_INFO = YES;
				ONLY_ACTIVE_ARCH = YES;
				SDKROOT = iphoneos;
				SWIFT_ACTIVE_COMPILATION_CONDITIONS = DEBUG;
				SWIFT_OPTIMIZATION_LEVEL = "-Onone";
			};
			name = Debug;
		};
		ECD71F952080A7FE00F5C5A3 /* Release */ = {
			isa = XCBuildConfiguration;
			buildSettings = {
				ALWAYS_SEARCH_USER_PATHS = NO;
				CLANG_ANALYZER_NONNULL = YES;
				CLANG_ANALYZER_NUMBER_OBJECT_CONVERSION = YES_AGGRESSIVE;
				CLANG_CXX_LANGUAGE_STANDARD = "gnu++14";
				CLANG_CXX_LIBRARY = "libc++";
				CLANG_ENABLE_MODULES = YES;
				CLANG_ENABLE_OBJC_ARC = YES;
				CLANG_ENABLE_OBJC_WEAK = YES;
				CLANG_WARN_BLOCK_CAPTURE_AUTORELEASING = YES;
				CLANG_WARN_BOOL_CONVERSION = YES;
				CLANG_WARN_COMMA = YES;
				CLANG_WARN_CONSTANT_CONVERSION = YES;
				CLANG_WARN_DEPRECATED_OBJC_IMPLEMENTATIONS = YES;
				CLANG_WARN_DIRECT_OBJC_ISA_USAGE = YES_ERROR;
				CLANG_WARN_DOCUMENTATION_COMMENTS = YES;
				CLANG_WARN_EMPTY_BODY = YES;
				CLANG_WARN_ENUM_CONVERSION = YES;
				CLANG_WARN_INFINITE_RECURSION = YES;
				CLANG_WARN_INT_CONVERSION = YES;
				CLANG_WARN_NON_LITERAL_NULL_CONVERSION = YES;
				CLANG_WARN_OBJC_IMPLICIT_RETAIN_SELF = YES;
				CLANG_WARN_OBJC_LITERAL_CONVERSION = YES;
				CLANG_WARN_OBJC_ROOT_CLASS = YES_ERROR;
				CLANG_WARN_RANGE_LOOP_ANALYSIS = YES;
				CLANG_WARN_STRICT_PROTOTYPES = YES;
				CLANG_WARN_SUSPICIOUS_MOVE = YES;
				CLANG_WARN_UNGUARDED_AVAILABILITY = YES_AGGRESSIVE;
				CLANG_WARN_UNREACHABLE_CODE = YES;
				CLANG_WARN__DUPLICATE_METHOD_MATCH = YES;
				CODE_SIGN_IDENTITY = "iPhone Developer";
				COPY_PHASE_STRIP = NO;
				DEBUG_INFORMATION_FORMAT = "dwarf-with-dsym";
				ENABLE_NS_ASSERTIONS = NO;
				ENABLE_STRICT_OBJC_MSGSEND = YES;
				GCC_C_LANGUAGE_STANDARD = gnu11;
				GCC_NO_COMMON_BLOCKS = YES;
				GCC_WARN_64_TO_32_BIT_CONVERSION = YES;
				GCC_WARN_ABOUT_RETURN_TYPE = YES_ERROR;
				GCC_WARN_UNDECLARED_SELECTOR = YES;
				GCC_WARN_UNINITIALIZED_AUTOS = YES_AGGRESSIVE;
				GCC_WARN_UNUSED_FUNCTION = YES;
				GCC_WARN_UNUSED_VARIABLE = YES;
				IPHONEOS_DEPLOYMENT_TARGET = 11.3;
				MTL_ENABLE_DEBUG_INFO = NO;
				SDKROOT = iphoneos;
				SWIFT_COMPILATION_MODE = wholemodule;
				SWIFT_OPTIMIZATION_LEVEL = "-O";
				VALIDATE_PRODUCT = YES;
			};
			name = Release;
		};
		ECD71F972080A7FE00F5C5A3 /* Debug */ = {
			isa = XCBuildConfiguration;
			baseConfigurationReference = 68351279B6837C32918DB73E /* Pods-Todoey.debug.xcconfig */;
			buildSettings = {
				ASSETCATALOG_COMPILER_APPICON_NAME = AppIcon;
				CODE_SIGN_STYLE = Automatic;
				DEVELOPMENT_TEAM = 9YPZ3595RS;
				INFOPLIST_FILE = Todoey/Info.plist;
				LD_RUNPATH_SEARCH_PATHS = (
					"$(inherited)",
					"@executable_path/Frameworks",
				);
				PRODUCT_BUNDLE_IDENTIFIER = Sydneyplayground.Todoey;
				PRODUCT_NAME = "$(TARGET_NAME)";
				SWIFT_VERSION = 4.0;
				TARGETED_DEVICE_FAMILY = "1,2";
			};
			name = Debug;
		};
		ECD71F982080A7FE00F5C5A3 /* Release */ = {
			isa = XCBuildConfiguration;
			baseConfigurationReference = DD7B862BF2CA6B1B58F7D69D /* Pods-Todoey.release.xcconfig */;
			buildSettings = {
				ASSETCATALOG_COMPILER_APPICON_NAME = AppIcon;
				CODE_SIGN_STYLE = Automatic;
				DEVELOPMENT_TEAM = 9YPZ3595RS;
				INFOPLIST_FILE = Todoey/Info.plist;
				LD_RUNPATH_SEARCH_PATHS = (
					"$(inherited)",
					"@executable_path/Frameworks",
				);
				PRODUCT_BUNDLE_IDENTIFIER = Sydneyplayground.Todoey;
				PRODUCT_NAME = "$(TARGET_NAME)";
				SWIFT_VERSION = 4.0;
				TARGETED_DEVICE_FAMILY = "1,2";
			};
			name = Release;
		};
/* End XCBuildConfiguration section */

/* Begin XCConfigurationList section */
		ECD71F7F2080A7FC00F5C5A3 /* Build configuration list for PBXProject "Todoey" */ = {
			isa = XCConfigurationList;
			buildConfigurations = (
				ECD71F942080A7FE00F5C5A3 /* Debug */,
				ECD71F952080A7FE00F5C5A3 /* Release */,
			);
			defaultConfigurationIsVisible = 0;
			defaultConfigurationName = Release;
		};
		ECD71F962080A7FE00F5C5A3 /* Build configuration list for PBXNativeTarget "Todoey" */ = {
			isa = XCConfigurationList;
			buildConfigurations = (
				ECD71F972080A7FE00F5C5A3 /* Debug */,
				ECD71F982080A7FE00F5C5A3 /* Release */,
			);
			defaultConfigurationIsVisible = 0;
			defaultConfigurationName = Release;
		};
/* End XCConfigurationList section */
	};
	rootObject = ECD71F7C2080A7FC00F5C5A3 /* Project object */;
}
